
Microsoft Visual Studio Solution File, Format Version 12.00
# Visual Studio Version 17
VisualStudioVersion = 17.12.35527.113
MinimumVisualStudioVersion = 10.0.40219.1
Project("{8BC9CEB8-8B4A-11D0-8D11-00A0C91BC942}") = "01 - Threading Workbench", "01 - Threading Workbench\01 - Threading Workbench.vcxproj", "{E77D9191-3617-4CC5-8267-BC1961085FCD}"
EndProject
Project("{8BC9CEB8-8B4A-11D0-8D11-00A0C91BC942}") = "02 - Basic Thread Handling", "02 - Basic Thread Handling\02 - Basic Thread Handling.vcxproj", "{2E0A0231-0BAC-499F-8425-57DA0ADFB417}"
EndProject
Project("{8BC9CEB8-8B4A-11D0-8D11-00A0C91BC942}") = "03 - Ray Tracing in One Weekend", "03 - Ray Tracing in One Weekend\03 - Ray Tracing in One Weekend.vcxproj", "{E37306A9-A1E0-443A-93C9-94F51BED8416}"
EndProject
Project("{8BC9CEB8-8B4A-11D0-8D11-00A0C91BC942}") = "04 - A Barrage of Threads", "04 - A Barrage of Threads\04 - A Barrage of Threads.vcxproj", "{17394217-13C6-44A3-AC68-B1C7DCEF73E7}"
EndProject
Project("{8BC9CEB8-8B4A-11D0-8D11-00A0C91BC942}") = "05 - A Barrage of Threads (Solution)", "05 - A Barrage of Threads (Solution)\05 - A Barrage of Threads (Solution).vcxproj", "{72E02FE1-52FA-44F0-9B54-2545492B8E2B}"
EndProject
Project("{8BC9CEB8-8B4A-11D0-8D11-00A0C91BC942}") = "06 - Speeding up Ray Tracing", "06 - Speeding up Ray Tracing\06 - Speeding up Ray Tracing.vcxproj", "{DB7BDCEC-DDEC-4BCD-91D5-4EF9E9309ED4}"
EndProject
Project("{8BC9CEB8-8B4A-11D0-8D11-00A0C91BC942}") = "07 - Implementing Semaphores", "07 - Implementing Semaphores\07 - Implementing Semaphores.vcxproj", "{06EA0C78-7710-4FEA-AC07-7EC162B8F109}"
EndProject
Project("{8BC9CEB8-8B4A-11D0-8D11-00A0C91BC942}") = "08 - Interactive Loading Screen", "08 - Interactive Loading Screen\08 - Interactive Loading Screen.vcxproj", "{74FEDD12-005D-40E0-A74E-CEEEA5720057}"
EndProject
Project("{8BC9CEB8-8B4A-11D0-8D11-00A0C91BC942}") = "09 - Sockets Demo", "09 - Sockets Demo\09 - Sockets Demo.vcxproj", "{660FFF80-95F0-4332-9914-055F6C4F7D98}"
EndProject
Project("{8BC9CEB8-8B4A-11D0-8D11-00A0C91BC942}") = "10 - gRPC Demo", "10 - gRPC Demo\10 - gRPC Demo.vcxproj", "{B595E702-A681-4415-A94C-A29896FDDA39}"
EndProject
Global
	GlobalSection(SolutionConfigurationPlatforms) = preSolution
		Debug|x64 = Debug|x64
		Release|x64 = Release|x64
	EndGlobalSection
	GlobalSection(ProjectConfigurationPlatforms) = postSolution
		{E77D9191-3617-4CC5-8267-BC1961085FCD}.Debug|x64.ActiveCfg = Debug|x64
		{E77D9191-3617-4CC5-8267-BC1961085FCD}.Debug|x64.Build.0 = Debug|x64
		{E77D9191-3617-4CC5-8267-BC1961085FCD}.Release|x64.ActiveCfg = Release|x64
		{E77D9191-3617-4CC5-8267-BC1961085FCD}.Release|x64.Build.0 = Release|x64
		{2E0A0231-0BAC-499F-8425-57DA0ADFB417}.Debug|x64.ActiveCfg = Debug|x64
		{2E0A0231-0BAC-499F-8425-57DA0ADFB417}.Debug|x64.Build.0 = Debug|x64
		{2E0A0231-0BAC-499F-8425-57DA0ADFB417}.Release|x64.ActiveCfg = Release|x64
		{2E0A0231-0BAC-499F-8425-57DA0ADFB417}.Release|x64.Build.0 = Release|x64
		{E37306A9-A1E0-443A-93C9-94F51BED8416}.Debug|x64.ActiveCfg = Debug|x64
		{E37306A9-A1E0-443A-93C9-94F51BED8416}.Debug|x64.Build.0 = Debug|x64
		{E37306A9-A1E0-443A-93C9-94F51BED8416}.Release|x64.ActiveCfg = Release|x64
		{E37306A9-A1E0-443A-93C9-94F51BED8416}.Release|x64.Build.0 = Release|x64
		{17394217-13C6-44A3-AC68-B1C7DCEF73E7}.Debug|x64.ActiveCfg = Debug|x64
		{17394217-13C6-44A3-AC68-B1C7DCEF73E7}.Debug|x64.Build.0 = Debug|x64
		{17394217-13C6-44A3-AC68-B1C7DCEF73E7}.Release|x64.ActiveCfg = Release|x64
		{17394217-13C6-44A3-AC68-B1C7DCEF73E7}.Release|x64.Build.0 = Release|x64
		{72E02FE1-52FA-44F0-9B54-2545492B8E2B}.Debug|x64.ActiveCfg = Debug|x64
		{72E02FE1-52FA-44F0-9B54-2545492B8E2B}.Debug|x64.Build.0 = Debug|x64
		{72E02FE1-52FA-44F0-9B54-2545492B8E2B}.Release|x64.ActiveCfg = Release|x64
		{72E02FE1-52FA-44F0-9B54-2545492B8E2B}.Release|x64.Build.0 = Release|x64
		{DB7BDCEC-DDEC-4BCD-91D5-4EF9E9309ED4}.Debug|x64.ActiveCfg = Debug|x64
		{DB7BDCEC-DDEC-4BCD-91D5-4EF9E9309ED4}.Debug|x64.Build.0 = Debug|x64
		{DB7BDCEC-DDEC-4BCD-91D5-4EF9E9309ED4}.Release|x64.ActiveCfg = Release|x64
		{DB7BDCEC-DDEC-4BCD-91D5-4EF9E9309ED4}.Release|x64.Build.0 = Release|x64
		{06EA0C78-7710-4FEA-AC07-7EC162B8F109}.Debug|x64.ActiveCfg = Debug|x64
		{06EA0C78-7710-4FEA-AC07-7EC162B8F109}.Debug|x64.Build.0 = Debug|x64
		{06EA0C78-7710-4FEA-AC07-7EC162B8F109}.Release|x64.ActiveCfg = Release|x64
		{06EA0C78-7710-4FEA-AC07-7EC162B8F109}.Release|x64.Build.0 = Release|x64
		{74FEDD12-005D-40E0-A74E-CEEEA5720057}.Debug|x64.ActiveCfg = Debug|x64
		{74FEDD12-005D-40E0-A74E-CEEEA5720057}.Debug|x64.Build.0 = Debug|x64
		{74FEDD12-005D-40E0-A74E-CEEEA5720057}.Release|x64.ActiveCfg = Release|x64
		{74FEDD12-005D-40E0-A74E-CEEEA5720057}.Release|x64.Build.0 = Release|x64
		{660FFF80-95F0-4332-9914-055F6C4F7D98}.Debug|x64.ActiveCfg = Debug|x64
		{660FFF80-95F0-4332-9914-055F6C4F7D98}.Debug|x64.Build.0 = Debug|x64
		{660FFF80-95F0-4332-9914-055F6C4F7D98}.Release|x64.ActiveCfg = Release|x64
		{660FFF80-95F0-4332-9914-055F6C4F7D98}.Release|x64.Build.0 = Release|x64
		{B595E702-A681-4415-A94C-A29896FDDA39}.Debug|x64.ActiveCfg = Debug|x64
		{B595E702-A681-4415-A94C-A29896FDDA39}.Debug|x64.Build.0 = Debug|x64
		{B595E702-A681-4415-A94C-A29896FDDA39}.Release|x64.ActiveCfg = Release|x64
		{B595E702-A681-4415-A94C-A29896FDDA39}.Release|x64.Build.0 = Release|x64
	EndGlobalSection
	GlobalSection(SolutionProperties) = preSolution
		HideSolutionNode = FALSE
	EndGlobalSection
	GlobalSection(ExtensibilityGlobals) = postSolution
		SolutionGuid = {96E052D3-8616-4CB6-9793-DCCA5C42414A}
	EndGlobalSection
EndGlobal
