
Microsoft Visual Studio Solution File, Format Version 12.00
# Visual Studio Version 17
VisualStudioVersion = 17.12.35527.113
MinimumVisualStudioVersion = 10.0.40219.1
Project("{8BC9CEB8-8B4A-11D0-8D11-00A0C91BC942}") = "01 - Threading Workbench", "01 - Threading Workbench\01 - Threading Workbench.vcxproj", "{E77D9191-3617-4CC5-8267-BC1961085FCD}"
EndProject
Project("{8BC9CEB8-8B4A-11D0-8D11-00A0C91BC942}") = "02 - Basic Thread Handling", "02 - Basic Thread Handling\02 - Basic Thread Handling.vcxproj", "{2E0A0231-0BAC-499F-8425-57DA0ADFB417}"
EndProject
Project("{8BC9CEB8-8B4A-11D0-8D11-00A0C91BC942}") = "03 - Ray Tracing in One Weekend", "03 - Ray Tracing in One Weekend\03 - Ray Tracing in One Weekend.vcxproj", "{E37306A9-A1E0-443A-93C9-94F51BED8416}"
EndProject
Project("{8BC9CEB8-8B4A-11D0-8D11-00A0C91BC942}") = "04 - A Barrage of Threads", "04 - A Barrage of Threads\04 - A Barrage of Threads.vcxproj", "{17394217-13C6-44A3-AC68-B1C7DCEF73E7}"
EndProject
Global
	GlobalSection(SolutionConfigurationPlatforms) = preSolution
		Debug|x64 = Debug|x64
		Release|x64 = Release|x64
	EndGlobalSection
	GlobalSection(ProjectConfigurationPlatforms) = postSolution
		{E77D9191-3617-4CC5-8267-BC1961085FCD}.Debug|x64.ActiveCfg = Debug|x64
		{E77D9191-3617-4CC5-8267-BC1961085FCD}.Debug|x64.Build.0 = Debug|x64
		{E77D9191-3617-4CC5-8267-BC1961085FCD}.Release|x64.ActiveCfg = Release|x64
		{E77D9191-3617-4CC5-8267-BC1961085FCD}.Release|x64.Build.0 = Release|x64
		{2E0A0231-0BAC-499F-8425-57DA0ADFB417}.Debug|x64.ActiveCfg = Debug|x64
		{2E0A0231-0BAC-499F-8425-57DA0ADFB417}.Debug|x64.Build.0 = Debug|x64
		{2E0A0231-0BAC-499F-8425-57DA0ADFB417}.Release|x64.ActiveCfg = Release|x64
		{2E0A0231-0BAC-499F-8425-57DA0ADFB417}.Release|x64.Build.0 = Release|x64
		{E37306A9-A1E0-443A-93C9-94F51BED8416}.Debug|x64.ActiveCfg = Debug|x64
		{E37306A9-A1E0-443A-93C9-94F51BED8416}.Debug|x64.Build.0 = Debug|x64
		{E37306A9-A1E0-443A-93C9-94F51BED8416}.Release|x64.ActiveCfg = Release|x64
		{E37306A9-A1E0-443A-93C9-94F51BED8416}.Release|x64.Build.0 = Release|x64
		{17394217-13C6-44A3-AC68-B1C7DCEF73E7}.Debug|x64.ActiveCfg = Debug|x64
		{17394217-13C6-44A3-AC68-B1C7DCEF73E7}.Debug|x64.Build.0 = Debug|x64
		{17394217-13C6-44A3-AC68-B1C7DCEF73E7}.Release|x64.ActiveCfg = Release|x64
		{17394217-13C6-44A3-AC68-B1C7DCEF73E7}.Release|x64.Build.0 = Release|x64
	EndGlobalSection
	GlobalSection(SolutionProperties) = preSolution
		HideSolutionNode = FALSE
	EndGlobalSection
EndGlobal
